{
  "@blackflux/robo-config-plugin": [
    ".c8rc.json",
    ".circleci/config.yml",
    ".dependabot/config.yml",
    ".editorconfig",
    ".eslintrc.json",
    ".gally.json",
    ".gitignore",
    ".idea/object-scan.iml",
    ".mocharc.yml",
    ".npmignore",
    ".releaserc.json",
    "LICENSE",
    "README.md",
    "eslint.config.js",
    "gardener.js",
    "package.json",
    "src/index.js",
    "test/hot.js",
    "test/index.spec.js"
  ]
}
