{
  "@blackflux/robo-config-plugin": [
    ".releaserc.json",
    "package.json",
    ".npmignore",
    "LICENSE",
    ".idea/${projectName}.iml",
    ".gitignore",
    ".editorconfig",
    ".gally.json",
    ".dependabot/config.yml",
    ".circleci/config.yml",
    "README.md",
    "gardener.js",
    ".babelrc",
    ".eslintrc.json",
    "test/mocha.opts",
    "test/index.spec.js",
    "src/index.js"
  ]
}
